
Microsoft Visual Studio Solution File, Format Version 12.00
# Visual Studio Version 17
VisualStudioVersion = 17.0.31903.59
MinimumVisualStudioVersion = 10.0.40219.1
Project("{2150E333-8FDC-42A3-9474-1A3956D46DE8}") = "src", "src", "{B3427C89-68AB-4F82-85C6-4F3AA7D73608}"
EndProject
Project("{FAE04EC0-301F-11D3-BF4B-00C04F79EFBC}") = "MyLib.Abstractions", "src\MyLib.Abstractions\MyLib.Abstractions.csproj", "{39C62853-B6A0-4DD7-B1A4-7401EBE77DB8}"
EndProject
Project("{FAE04EC0-301F-11D3-BF4B-00C04F79EFBC}") = "MyLib.Infrastructure", "src\MyLib.Infrastructure\MyLib.Infrastructure.csproj", "{96926575-8525-4EB9-A3EC-AAC6A01B9524}"
EndProject
Project("{2150E333-8FDC-42A3-9474-1A3956D46DE8}") = "tests", "tests", "{91883FA2-12C5-47F4-BD26-9A47E2FE1850}"
EndProject
Project("{FAE04EC0-301F-11D3-BF4B-00C04F79EFBC}") = "MyLib.Tests", "tests\MyLib.Tests\MyLib.Tests.csproj", "{6845A488-A134-437A-BEA1-B26C5793ADAD}"
EndProject
Global
	GlobalSection(SolutionConfigurationPlatforms) = preSolution
		Debug|Any CPU = Debug|Any CPU
		Release|Any CPU = Release|Any CPU
	EndGlobalSection
	GlobalSection(SolutionProperties) = preSolution
		HideSolutionNode = FALSE
	EndGlobalSection
	GlobalSection(ProjectConfigurationPlatforms) = postSolution
		{39C62853-B6A0-4DD7-B1A4-7401EBE77DB8}.Debug|Any CPU.ActiveCfg = Debug|Any CPU
		{39C62853-B6A0-4DD7-B1A4-7401EBE77DB8}.Debug|Any CPU.Build.0 = Debug|Any CPU
		{39C62853-B6A0-4DD7-B1A4-7401EBE77DB8}.Release|Any CPU.ActiveCfg = Release|Any CPU
		{39C62853-B6A0-4DD7-B1A4-7401EBE77DB8}.Release|Any CPU.Build.0 = Release|Any CPU
		{96926575-8525-4EB9-A3EC-AAC6A01B9524}.Debug|Any CPU.ActiveCfg = Debug|Any CPU
		{96926575-8525-4EB9-A3EC-AAC6A01B9524}.Debug|Any CPU.Build.0 = Debug|Any CPU
		{96926575-8525-4EB9-A3EC-AAC6A01B9524}.Release|Any CPU.ActiveCfg = Release|Any CPU
		{96926575-8525-4EB9-A3EC-AAC6A01B9524}.Release|Any CPU.Build.0 = Release|Any CPU
		{6845A488-A134-437A-BEA1-B26C5793ADAD}.Debug|Any CPU.ActiveCfg = Debug|Any CPU
		{6845A488-A134-437A-BEA1-B26C5793ADAD}.Debug|Any CPU.Build.0 = Debug|Any CPU
		{6845A488-A134-437A-BEA1-B26C5793ADAD}.Release|Any CPU.ActiveCfg = Release|Any CPU
		{6845A488-A134-437A-BEA1-B26C5793ADAD}.Release|Any CPU.Build.0 = Release|Any CPU
	EndGlobalSection
	GlobalSection(NestedProjects) = preSolution
		{39C62853-B6A0-4DD7-B1A4-7401EBE77DB8} = {B3427C89-68AB-4F82-85C6-4F3AA7D73608}
		{96926575-8525-4EB9-A3EC-AAC6A01B9524} = {B3427C89-68AB-4F82-85C6-4F3AA7D73608}
		{6845A488-A134-437A-BEA1-B26C5793ADAD} = {91883FA2-12C5-47F4-BD26-9A47E2FE1850}
	EndGlobalSection
EndGlobal
